// !$*UTF8*$!
{
	archiveVersion = 1;
	classes = {
	};
	objectVersion = 55;
	objects = {

/* Begin PBXBuildFile section */
		C771023628BD029400533A89 /* AppDelegate.swift in Sources */ = {isa = PBXBuildFile; fileRef = C771023528BD029400533A89 /* AppDelegate.swift */; };
		C771023828BD029400533A89 /* SceneDelegate.swift in Sources */ = {isa = PBXBuildFile; fileRef = C771023728BD029400533A89 /* SceneDelegate.swift */; };
		C771023A28BD029400533A89 /* MovieViewController.swift in Sources */ = {isa = PBXBuildFile; fileRef = C771023928BD029400533A89 /* MovieViewController.swift */; };
		C771023D28BD029400533A89 /* Main.storyboard in Resources */ = {isa = PBXBuildFile; fileRef = C771023B28BD029400533A89 /* Main.storyboard */; };
		C771023F28BD029700533A89 /* Assets.xcassets in Resources */ = {isa = PBXBuildFile; fileRef = C771023E28BD029700533A89 /* Assets.xcassets */; };
		C771024228BD029700533A89 /* LaunchScreen.storyboard in Resources */ = {isa = PBXBuildFile; fileRef = C771024028BD029700533A89 /* LaunchScreen.storyboard */; };
		C771024D28BD029700533A89 /* MovieAppTests.swift in Sources */ = {isa = PBXBuildFile; fileRef = C771024C28BD029700533A89 /* MovieAppTests.swift */; };
		C771025728BD029700533A89 /* MovieAppUITests.swift in Sources */ = {isa = PBXBuildFile; fileRef = C771025628BD029700533A89 /* MovieAppUITests.swift */; };
		C771025928BD029700533A89 /* MovieAppUITestsLaunchTests.swift in Sources */ = {isa = PBXBuildFile; fileRef = C771025828BD029700533A89 /* MovieAppUITestsLaunchTests.swift */; };
		C771026628BD02D900533A89 /* Model.swift in Sources */ = {isa = PBXBuildFile; fileRef = C771026528BD02D900533A89 /* Model.swift */; };
		C771026828BD058800533A89 /* ApiService.swift in Sources */ = {isa = PBXBuildFile; fileRef = C771026728BD058800533A89 /* ApiService.swift */; };
		C771026A28BD0A6D00533A89 /* MovieViewModel.swift in Sources */ = {isa = PBXBuildFile; fileRef = C771026928BD0A6D00533A89 /* MovieViewModel.swift */; };
		C771026C28BD539800533A89 /* MovieTableViewCell.swift in Sources */ = {isa = PBXBuildFile; fileRef = C771026B28BD539800533A89 /* MovieTableViewCell.swift */; };
/* End PBXBuildFile section */

/* Begin PBXContainerItemProxy section */
		C771024928BD029700533A89 /* PBXContainerItemProxy */ = {
			isa = PBXContainerItemProxy;
			containerPortal = C771022A28BD029400533A89 /* Project object */;
			proxyType = 1;
			remoteGlobalIDString = C771023128BD029400533A89;
			remoteInfo = MovieApp;
		};
		C771025328BD029700533A89 /* PBXContainerItemProxy */ = {
			isa = PBXContainerItemProxy;
			containerPortal = C771022A28BD029400533A89 /* Project object */;
			proxyType = 1;
			remoteGlobalIDString = C771023128BD029400533A89;
			remoteInfo = MovieApp;
		};
/* End PBXContainerItemProxy section */

/* Begin PBXFileReference section */
		C771023228BD029400533A89 /* MovieApp.app */ = {isa = PBXFileReference; explicitFileType = wrapper.application; includeInIndex = 0; path = MovieApp.app; sourceTree = BUILT_PRODUCTS_DIR; };
		C771023528BD029400533A89 /* AppDelegate.swift */ = {isa = PBXFileReference; lastKnownFileType = sourcecode.swift; path = AppDelegate.swift; sourceTree = "<group>"; };
		C771023728BD029400533A89 /* SceneDelegate.swift */ = {isa = PBXFileReference; lastKnownFileType = sourcecode.swift; path = SceneDelegate.swift; sourceTree = "<group>"; };
		C771023928BD029400533A89 /* MovieViewController.swift */ = {isa = PBXFileReference; lastKnownFileType = sourcecode.swift; path = MovieViewController.swift; sourceTree = "<group>"; };
		C771023C28BD029400533A89 /* Base */ = {isa = PBXFileReference; lastKnownFileType = file.storyboard; name = Base; path = Base.lproj/Main.storyboard; sourceTree = "<group>"; };
		C771023E28BD029700533A89 /* Assets.xcassets */ = {isa = PBXFileReference; lastKnownFileType = folder.assetcatalog; path = Assets.xcassets; sourceTree = "<group>"; };
		C771024128BD029700533A89 /* Base */ = {isa = PBXFileReference; lastKnownFileType = file.storyboard; name = Base; path = Base.lproj/LaunchScreen.storyboard; sourceTree = "<group>"; };
		C771024328BD029700533A89 /* Info.plist */ = {isa = PBXFileReference; lastKnownFileType = text.plist.xml; path = Info.plist; sourceTree = "<group>"; };
		C771024828BD029700533A89 /* MovieAppTests.xctest */ = {isa = PBXFileReference; explicitFileType = wrapper.cfbundle; includeInIndex = 0; path = MovieAppTests.xctest; sourceTree = BUILT_PRODUCTS_DIR; };
		C771024C28BD029700533A89 /* MovieAppTests.swift */ = {isa = PBXFileReference; lastKnownFileType = sourcecode.swift; path = MovieAppTests.swift; sourceTree = "<group>"; };
		C771025228BD029700533A89 /* MovieAppUITests.xctest */ = {isa = PBXFileReference; explicitFileType = wrapper.cfbundle; includeInIndex = 0; path = MovieAppUITests.xctest; sourceTree = BUILT_PRODUCTS_DIR; };
		C771025628BD029700533A89 /* MovieAppUITests.swift */ = {isa = PBXFileReference; lastKnownFileType = sourcecode.swift; path = MovieAppUITests.swift; sourceTree = "<group>"; };
		C771025828BD029700533A89 /* MovieAppUITestsLaunchTests.swift */ = {isa = PBXFileReference; lastKnownFileType = sourcecode.swift; path = MovieAppUITestsLaunchTests.swift; sourceTree = "<group>"; };
		C771026528BD02D900533A89 /* Model.swift */ = {isa = PBXFileReference; lastKnownFileType = sourcecode.swift; path = Model.swift; sourceTree = "<group>"; };
		C771026728BD058800533A89 /* ApiService.swift */ = {isa = PBXFileReference; lastKnownFileType = sourcecode.swift; path = ApiService.swift; sourceTree = "<group>"; };
		C771026928BD0A6D00533A89 /* MovieViewModel.swift */ = {isa = PBXFileReference; lastKnownFileType = sourcecode.swift; path = MovieViewModel.swift; sourceTree = "<group>"; };
		C771026B28BD539800533A89 /* MovieTableViewCell.swift */ = {isa = PBXFileReference; lastKnownFileType = sourcecode.swift; path = MovieTableViewCell.swift; sourceTree = "<group>"; };
/* End PBXFileReference section */

/* Begin PBXFrameworksBuildPhase section */
		C771022F28BD029400533A89 /* Frameworks */ = {
			isa = PBXFrameworksBuildPhase;
			buildActionMask = 2147483647;
			files = (
			);
			runOnlyForDeploymentPostprocessing = 0;
		};
		C771024528BD029700533A89 /* Frameworks */ = {
			isa = PBXFrameworksBuildPhase;
			buildActionMask = 2147483647;
			files = (
			);
			runOnlyForDeploymentPostprocessing = 0;
		};
		C771024F28BD029700533A89 /* Frameworks */ = {
			isa = PBXFrameworksBuildPhase;
			buildActionMask = 2147483647;
			files = (
			);
			runOnlyForDeploymentPostprocessing = 0;
		};
/* End PBXFrameworksBuildPhase section */

/* Begin PBXGroup section */
		C771022928BD029400533A89 = {
			isa = PBXGroup;
			children = (
				C771023428BD029400533A89 /* MovieApp */,
				C771024B28BD029700533A89 /* MovieAppTests */,
				C771025528BD029700533A89 /* MovieAppUITests */,
				C771023328BD029400533A89 /* Products */,
			);
			sourceTree = "<group>";
		};
		C771023328BD029400533A89 /* Products */ = {
			isa = PBXGroup;
			children = (
				C771023228BD029400533A89 /* MovieApp.app */,
				C771024828BD029700533A89 /* MovieAppTests.xctest */,
				C771025228BD029700533A89 /* MovieAppUITests.xctest */,
			);
			name = Products;
			sourceTree = "<group>";
		};
		C771023428BD029400533A89 /* MovieApp */ = {
			isa = PBXGroup;
			children = (
				C771027128BD688700533A89 /* Model */,
				C771027028BD688100533A89 /* View */,
				C771026F28BD687B00533A89 /* ViewModel */,
				C771026E28BD687300533A89 /* Controller */,
				C771026D28BD686000533A89 /* Networking */,
				C771023528BD029400533A89 /* AppDelegate.swift */,
				C771023728BD029400533A89 /* SceneDelegate.swift */,
				C771023E28BD029700533A89 /* Assets.xcassets */,
				C771024028BD029700533A89 /* LaunchScreen.storyboard */,
				C771024328BD029700533A89 /* Info.plist */,
			);
			path = MovieApp;
			sourceTree = "<group>";
		};
		C771024B28BD029700533A89 /* MovieAppTests */ = {
			isa = PBXGroup;
			children = (
				C771024C28BD029700533A89 /* MovieAppTests.swift */,
			);
			path = MovieAppTests;
			sourceTree = "<group>";
		};
		C771025528BD029700533A89 /* MovieAppUITests */ = {
			isa = PBXGroup;
			children = (
				C771025628BD029700533A89 /* MovieAppUITests.swift */,
				C771025828BD029700533A89 /* MovieAppUITestsLaunchTests.swift */,
			);
			path = MovieAppUITests;
			sourceTree = "<group>";
		};
		C771026D28BD686000533A89 /* Networking */ = {
			isa = PBXGroup;
			children = (
				C771026728BD058800533A89 /* ApiService.swift */,
			);
			path = Networking;
			sourceTree = "<group>";
		};
		C771026E28BD687300533A89 /* Controller */ = {
			isa = PBXGroup;
			children = (
				C771023928BD029400533A89 /* MovieViewController.swift */,
			);
			path = Controller;
			sourceTree = "<group>";
		};
		C771026F28BD687B00533A89 /* ViewModel */ = {
			isa = PBXGroup;
			children = (
				C771026928BD0A6D00533A89 /* MovieViewModel.swift */,
			);
			path = ViewModel;
			sourceTree = "<group>";
		};
		C771027028BD688100533A89 /* View */ = {
			isa = PBXGroup;
			children = (
				C771023B28BD029400533A89 /* Main.storyboard */,
				C771026B28BD539800533A89 /* MovieTableViewCell.swift */,
			);
			path = View;
			sourceTree = "<group>";
		};
		C771027128BD688700533A89 /* Model */ = {
			isa = PBXGroup;
			children = (
				C771026528BD02D900533A89 /* Model.swift */,
			);
			path = Model;
			sourceTree = "<group>";
		};
/* End PBXGroup section */

/* Begin PBXNativeTarget section */
		C771023128BD029400533A89 /* MovieApp */ = {
			isa = PBXNativeTarget;
			buildConfigurationList = C771025C28BD029700533A89 /* Build configuration list for PBXNativeTarget "MovieApp" */;
			buildPhases = (
				C771022E28BD029400533A89 /* Sources */,
				C771022F28BD029400533A89 /* Frameworks */,
				C771023028BD029400533A89 /* Resources */,
			);
			buildRules = (
			);
			dependencies = (
			);
			name = MovieApp;
			productName = MovieApp;
			productReference = C771023228BD029400533A89 /* MovieApp.app */;
			productType = "com.apple.product-type.application";
		};
		C771024728BD029700533A89 /* MovieAppTests */ = {
			isa = PBXNativeTarget;
			buildConfigurationList = C771025F28BD029700533A89 /* Build configuration list for PBXNativeTarget "MovieAppTests" */;
			buildPhases = (
				C771024428BD029700533A89 /* Sources */,
				C771024528BD029700533A89 /* Frameworks */,
				C771024628BD029700533A89 /* Resources */,
			);
			buildRules = (
			);
			dependencies = (
				C771024A28BD029700533A89 /* PBXTargetDependency */,
			);
			name = MovieAppTests;
			productName = MovieAppTests;
			productReference = C771024828BD029700533A89 /* MovieAppTests.xctest */;
			productType = "com.apple.product-type.bundle.unit-test";
		};
		C771025128BD029700533A89 /* MovieAppUITests */ = {
			isa = PBXNativeTarget;
			buildConfigurationList = C771026228BD029700533A89 /* Build configuration list for PBXNativeTarget "MovieAppUITests" */;
			buildPhases = (
				C771024E28BD029700533A89 /* Sources */,
				C771024F28BD029700533A89 /* Frameworks */,
				C771025028BD029700533A89 /* Resources */,
			);
			buildRules = (
			);
			dependencies = (
				C771025428BD029700533A89 /* PBXTargetDependency */,
			);
			name = MovieAppUITests;
			productName = MovieAppUITests;
			productReference = C771025228BD029700533A89 /* MovieAppUITests.xctest */;
			productType = "com.apple.product-type.bundle.ui-testing";
		};
/* End PBXNativeTarget section */

/* Begin PBXProject section */
		C771022A28BD029400533A89 /* Project object */ = {
			isa = PBXProject;
			attributes = {
				BuildIndependentTargetsInParallel = 1;
				LastSwiftUpdateCheck = 1340;
				LastUpgradeCheck = 1340;
				TargetAttributes = {
					C771023128BD029400533A89 = {
						CreatedOnToolsVersion = 13.4.1;
					};
					C771024728BD029700533A89 = {
						CreatedOnToolsVersion = 13.4.1;
						TestTargetID = C771023128BD029400533A89;
					};
					C771025128BD029700533A89 = {
						CreatedOnToolsVersion = 13.4.1;
						TestTargetID = C771023128BD029400533A89;
					};
				};
			};
			buildConfigurationList = C771022D28BD029400533A89 /* Build configuration list for PBXProject "MovieApp" */;
			compatibilityVersion = "Xcode 13.0";
			developmentRegion = en;
			hasScannedForEncodings = 0;
			knownRegions = (
				en,
				Base,
			);
			mainGroup = C771022928BD029400533A89;
			productRefGroup = C771023328BD029400533A89 /* Products */;
			projectDirPath = "";
			projectRoot = "";
			targets = (
				C771023128BD029400533A89 /* MovieApp */,
				C771024728BD029700533A89 /* MovieAppTests */,
				C771025128BD029700533A89 /* MovieAppUITests */,
			);
		};
/* End PBXProject section */

/* Begin PBXResourcesBuildPhase section */
		C771023028BD029400533A89 /* Resources */ = {
			isa = PBXResourcesBuildPhase;
			buildActionMask = 2147483647;
			files = (
				C771024228BD029700533A89 /* LaunchScreen.storyboard in Resources */,
				C771023F28BD029700533A89 /* Assets.xcassets in Resources */,
				C771023D28BD029400533A89 /* Main.storyboard in Resources */,
			);
			runOnlyForDeploymentPostprocessing = 0;
		};
		C771024628BD029700533A89 /* Resources */ = {
			isa = PBXResourcesBuildPhase;
			buildActionMask = 2147483647;
			files = (
			);
			runOnlyForDeploymentPostprocessing = 0;
		};
		C771025028BD029700533A89 /* Resources */ = {
			isa = PBXResourcesBuildPhase;
			buildActionMask = 2147483647;
			files = (
			);
			runOnlyForDeploymentPostprocessing = 0;
		};
/* End PBXResourcesBuildPhase section */

/* Begin PBXSourcesBuildPhase section */
		C771022E28BD029400533A89 /* Sources */ = {
			isa = PBXSourcesBuildPhase;
			buildActionMask = 2147483647;
			files = (
				C771023A28BD029400533A89 /* MovieViewController.swift in Sources */,
				C771026828BD058800533A89 /* ApiService.swift in Sources */,
				C771026C28BD539800533A89 /* MovieTableViewCell.swift in Sources */,
				C771023628BD029400533A89 /* AppDelegate.swift in Sources */,
				C771023828BD029400533A89 /* SceneDelegate.swift in Sources */,
				C771026628BD02D900533A89 /* Model.swift in Sources */,
				C771026A28BD0A6D00533A89 /* MovieViewModel.swift in Sources */,
			);
			runOnlyForDeploymentPostprocessing = 0;
		};
		C771024428BD029700533A89 /* Sources */ = {
			isa = PBXSourcesBuildPhase;
			buildActionMask = 2147483647;
			files = (
				C771024D28BD029700533A89 /* MovieAppTests.swift in Sources */,
			);
			runOnlyForDeploymentPostprocessing = 0;
		};
		C771024E28BD029700533A89 /* Sources */ = {
			isa = PBXSourcesBuildPhase;
			buildActionMask = 2147483647;
			files = (
				C771025928BD029700533A89 /* MovieAppUITestsLaunchTests.swift in Sources */,
				C771025728BD029700533A89 /* MovieAppUITests.swift in Sources */,
			);
			runOnlyForDeploymentPostprocessing = 0;
		};
/* End PBXSourcesBuildPhase section */

/* Begin PBXTargetDependency section */
		C771024A28BD029700533A89 /* PBXTargetDependency */ = {
			isa = PBXTargetDependency;
			target = C771023128BD029400533A89 /* MovieApp */;
			targetProxy = C771024928BD029700533A89 /* PBXContainerItemProxy */;
		};
		C771025428BD029700533A89 /* PBXTargetDependency */ = {
			isa = PBXTargetDependency;
			target = C771023128BD029400533A89 /* MovieApp */;
			targetProxy = C771025328BD029700533A89 /* PBXContainerItemProxy */;
		};
/* End PBXTargetDependency section */

/* Begin PBXVariantGroup section */
		C771023B28BD029400533A89 /* Main.storyboard */ = {
			isa = PBXVariantGroup;
			children = (
				C771023C28BD029400533A89 /* Base */,
			);
			name = Main.storyboard;
			sourceTree = "<group>";
		};
		C771024028BD029700533A89 /* LaunchScreen.storyboard */ = {
			isa = PBXVariantGroup;
			children = (
				C771024128BD029700533A89 /* Base */,
			);
			name = LaunchScreen.storyboard;
			sourceTree = "<group>";
		};
/* End PBXVariantGroup section */

/* Begin XCBuildConfiguration section */
		C771025A28BD029700533A89 /* Debug */ = {
			isa = XCBuildConfiguration;
			buildSettings = {
				ALWAYS_SEARCH_USER_PATHS = NO;
				CLANG_ANALYZER_NONNULL = YES;
				CLANG_ANALYZER_NUMBER_OBJECT_CONVERSION = YES_AGGRESSIVE;
				CLANG_CXX_LANGUAGE_STANDARD = "gnu++17";
				CLANG_ENABLE_MODULES = YES;
				CLANG_ENABLE_OBJC_ARC = YES;
				CLANG_ENABLE_OBJC_WEAK = YES;
				CLANG_WARN_BLOCK_CAPTURE_AUTORELEASING = YES;
				CLANG_WARN_BOOL_CONVERSION = YES;
				CLANG_WARN_COMMA = YES;
				CLANG_WARN_CONSTANT_CONVERSION = YES;
				CLANG_WARN_DEPRECATED_OBJC_IMPLEMENTATIONS = YES;
				CLANG_WARN_DIRECT_OBJC_ISA_USAGE = YES_ERROR;
				CLANG_WARN_DOCUMENTATION_COMMENTS = YES;
				CLANG_WARN_EMPTY_BODY = YES;
				CLANG_WARN_ENUM_CONVERSION = YES;
				CLANG_WARN_INFINITE_RECURSION = YES;
				CLANG_WARN_INT_CONVERSION = YES;
				CLANG_WARN_NON_LITERAL_NULL_CONVERSION = YES;
				CLANG_WARN_OBJC_IMPLICIT_RETAIN_SELF = YES;
				CLANG_WARN_OBJC_LITERAL_CONVERSION = YES;
				CLANG_WARN_OBJC_ROOT_CLASS = YES_ERROR;
				CLANG_WARN_QUOTED_INCLUDE_IN_FRAMEWORK_HEADER = YES;
				CLANG_WARN_RANGE_LOOP_ANALYSIS = YES;
				CLANG_WARN_STRICT_PROTOTYPES = YES;
				CLANG_WARN_SUSPICIOUS_MOVE = YES;
				CLANG_WARN_UNGUARDED_AVAILABILITY = YES_AGGRESSIVE;
				CLANG_WARN_UNREACHABLE_CODE = YES;
				CLANG_WARN__DUPLICATE_METHOD_MATCH = YES;
				COPY_PHASE_STRIP = NO;
				DEBUG_INFORMATION_FORMAT = dwarf;
				ENABLE_STRICT_OBJC_MSGSEND = YES;
				ENABLE_TESTABILITY = YES;
				GCC_C_LANGUAGE_STANDARD = gnu11;
				GCC_DYNAMIC_NO_PIC = NO;
				GCC_NO_COMMON_BLOCKS = YES;
				GCC_OPTIMIZATION_LEVEL = 0;
				GCC_PREPROCESSOR_DEFINITIONS = (
					"DEBUG=1",
					"$(inherited)",
				);
				GCC_WARN_64_TO_32_BIT_CONVERSION = YES;
				GCC_WARN_ABOUT_RETURN_TYPE = YES_ERROR;
				GCC_WARN_UNDECLARED_SELECTOR = YES;
				GCC_WARN_UNINITIALIZED_AUTOS = YES_AGGRESSIVE;
				GCC_WARN_UNUSED_FUNCTION = YES;
				GCC_WARN_UNUSED_VARIABLE = YES;
				IPHONEOS_DEPLOYMENT_TARGET = 15.5;
				MTL_ENABLE_DEBUG_INFO = INCLUDE_SOURCE;
				MTL_FAST_MATH = YES;
				ONLY_ACTIVE_ARCH = YES;
				SDKROOT = iphoneos;
				SWIFT_ACTIVE_COMPILATION_CONDITIONS = DEBUG;
				SWIFT_OPTIMIZATION_LEVEL = "-Onone";
			};
			name = Debug;
		};
		C771025B28BD029700533A89 /* Release */ = {
			isa = XCBuildConfiguration;
			buildSettings = {
				ALWAYS_SEARCH_USER_PATHS = NO;
				CLANG_ANALYZER_NONNULL = YES;
				CLANG_ANALYZER_NUMBER_OBJECT_CONVERSION = YES_AGGRESSIVE;
				CLANG_CXX_LANGUAGE_STANDARD = "gnu++17";
				CLANG_ENABLE_MODULES = YES;
				CLANG_ENABLE_OBJC_ARC = YES;
				CLANG_ENABLE_OBJC_WEAK = YES;
				CLANG_WARN_BLOCK_CAPTURE_AUTORELEASING = YES;
				CLANG_WARN_BOOL_CONVERSION = YES;
				CLANG_WARN_COMMA = YES;
				CLANG_WARN_CONSTANT_CONVERSION = YES;
				CLANG_WARN_DEPRECATED_OBJC_IMPLEMENTATIONS = YES;
				CLANG_WARN_DIRECT_OBJC_ISA_USAGE = YES_ERROR;
				CLANG_WARN_DOCUMENTATION_COMMENTS = YES;
				CLANG_WARN_EMPTY_BODY = YES;
				CLANG_WARN_ENUM_CONVERSION = YES;
				CLANG_WARN_INFINITE_RECURSION = YES;
				CLANG_WARN_INT_CONVERSION = YES;
				CLANG_WARN_NON_LITERAL_NULL_CONVERSION = YES;
				CLANG_WARN_OBJC_IMPLICIT_RETAIN_SELF = YES;
				CLANG_WARN_OBJC_LITERAL_CONVERSION = YES;
				CLANG_WARN_OBJC_ROOT_CLASS = YES_ERROR;
				CLANG_WARN_QUOTED_INCLUDE_IN_FRAMEWORK_HEADER = YES;
				CLANG_WARN_RANGE_LOOP_ANALYSIS = YES;
				CLANG_WARN_STRICT_PROTOTYPES = YES;
				CLANG_WARN_SUSPICIOUS_MOVE = YES;
				CLANG_WARN_UNGUARDED_AVAILABILITY = YES_AGGRESSIVE;
				CLANG_WARN_UNREACHABLE_CODE = YES;
				CLANG_WARN__DUPLICATE_METHOD_MATCH = YES;
				COPY_PHASE_STRIP = NO;
				DEBUG_INFORMATION_FORMAT = "dwarf-with-dsym";
				ENABLE_NS_ASSERTIONS = NO;
				ENABLE_STRICT_OBJC_MSGSEND = YES;
				GCC_C_LANGUAGE_STANDARD = gnu11;
				GCC_NO_COMMON_BLOCKS = YES;
				GCC_WARN_64_TO_32_BIT_CONVERSION = YES;
				GCC_WARN_ABOUT_RETURN_TYPE = YES_ERROR;
				GCC_WARN_UNDECLARED_SELECTOR = YES;
				GCC_WARN_UNINITIALIZED_AUTOS = YES_AGGRESSIVE;
				GCC_WARN_UNUSED_FUNCTION = YES;
				GCC_WARN_UNUSED_VARIABLE = YES;
				IPHONEOS_DEPLOYMENT_TARGET = 15.5;
				MTL_ENABLE_DEBUG_INFO = NO;
				MTL_FAST_MATH = YES;
				SDKROOT = iphoneos;
				SWIFT_COMPILATION_MODE = wholemodule;
				SWIFT_OPTIMIZATION_LEVEL = "-O";
				VALIDATE_PRODUCT = YES;
			};
			name = Release;
		};
		C771025D28BD029700533A89 /* Debug */ = {
			isa = XCBuildConfiguration;
			buildSettings = {
				ASSETCATALOG_COMPILER_APPICON_NAME = AppIcon;
				ASSETCATALOG_COMPILER_GLOBAL_ACCENT_COLOR_NAME = AccentColor;
				CODE_SIGN_STYLE = Automatic;
				CURRENT_PROJECT_VERSION = 1;
				DEVELOPMENT_TEAM = TTZ6QG7TT2;
				GENERATE_INFOPLIST_FILE = YES;
				INFOPLIST_FILE = MovieApp/Info.plist;
				INFOPLIST_KEY_UIApplicationSupportsIndirectInputEvents = YES;
				INFOPLIST_KEY_UILaunchStoryboardName = LaunchScreen;
				INFOPLIST_KEY_UIMainStoryboardFile = Main;
				INFOPLIST_KEY_UISupportedInterfaceOrientations_iPad = "UIInterfaceOrientationPortrait UIInterfaceOrientationPortraitUpsideDown UIInterfaceOrientationLandscapeLeft UIInterfaceOrientationLandscapeRight";
				INFOPLIST_KEY_UISupportedInterfaceOrientations_iPhone = "UIInterfaceOrientationPortrait UIInterfaceOrientationLandscapeLeft UIInterfaceOrientationLandscapeRight";
				LD_RUNPATH_SEARCH_PATHS = (
					"$(inherited)",
					"@executable_path/Frameworks",
				);
				MARKETING_VERSION = 1.0;
				PRODUCT_BUNDLE_IDENTIFIER = cl.rober.MovieApp;
				PRODUCT_NAME = "$(TARGET_NAME)";
				SWIFT_EMIT_LOC_STRINGS = YES;
				SWIFT_VERSION = 5.0;
				TARGETED_DEVICE_FAMILY = "1,2";
			};
			name = Debug;
		};
		C771025E28BD029700533A89 /* Release */ = {
			isa = XCBuildConfiguration;
			buildSettings = {
				ASSETCATALOG_COMPILER_APPICON_NAME = AppIcon;
				ASSETCATALOG_COMPILER_GLOBAL_ACCENT_COLOR_NAME = AccentColor;
				CODE_SIGN_STYLE = Automatic;
				CURRENT_PROJECT_VERSION = 1;
				DEVELOPMENT_TEAM = TTZ6QG7TT2;
				GENERATE_INFOPLIST_FILE = YES;
				INFOPLIST_FILE = MovieApp/Info.plist;
				INFOPLIST_KEY_UIApplicationSupportsIndirectInputEvents = YES;
				INFOPLIST_KEY_UILaunchStoryboardName = LaunchScreen;
				INFOPLIST_KEY_UIMainStoryboardFile = Main;
				INFOPLIST_KEY_UISupportedInterfaceOrientations_iPad = "UIInterfaceOrientationPortrait UIInterfaceOrientationPortraitUpsideDown UIInterfaceOrientationLandscapeLeft UIInterfaceOrientationLandscapeRight";
				INFOPLIST_KEY_UISupportedInterfaceOrientations_iPhone = "UIInterfaceOrientationPortrait UIInterfaceOrientationLandscapeLeft UIInterfaceOrientationLandscapeRight";
				LD_RUNPATH_SEARCH_PATHS = (
					"$(inherited)",
					"@executable_path/Frameworks",
				);
				MARKETING_VERSION = 1.0;
				PRODUCT_BUNDLE_IDENTIFIER = cl.rober.MovieApp;
				PRODUCT_NAME = "$(TARGET_NAME)";
				SWIFT_EMIT_LOC_STRINGS = YES;
				SWIFT_VERSION = 5.0;
				TARGETED_DEVICE_FAMILY = "1,2";
			};
			name = Release;
		};
		C771026028BD029700533A89 /* Debug */ = {
			isa = XCBuildConfiguration;
			buildSettings = {
				ALWAYS_EMBED_SWIFT_STANDARD_LIBRARIES = YES;
				BUNDLE_LOADER = "$(TEST_HOST)";
				CODE_SIGN_STYLE = Automatic;
				CURRENT_PROJECT_VERSION = 1;
				DEVELOPMENT_TEAM = TTZ6QG7TT2;
				GENERATE_INFOPLIST_FILE = YES;
				IPHONEOS_DEPLOYMENT_TARGET = 15.5;
				MARKETING_VERSION = 1.0;
				PRODUCT_BUNDLE_IDENTIFIER = cl.rober.MovieAppTests;
				PRODUCT_NAME = "$(TARGET_NAME)";
				SWIFT_EMIT_LOC_STRINGS = NO;
				SWIFT_VERSION = 5.0;
				TARGETED_DEVICE_FAMILY = "1,2";
				TEST_HOST = "$(BUILT_PRODUCTS_DIR)/MovieApp.app/MovieApp";
			};
			name = Debug;
		};
		C771026128BD029700533A89 /* Release */ = {
			isa = XCBuildConfiguration;
			buildSettings = {
				ALWAYS_EMBED_SWIFT_STANDARD_LIBRARIES = YES;
				BUNDLE_LOADER = "$(TEST_HOST)";
				CODE_SIGN_STYLE = Automatic;
				CURRENT_PROJECT_VERSION = 1;
				DEVELOPMENT_TEAM = TTZ6QG7TT2;
				GENERATE_INFOPLIST_FILE = YES;
				IPHONEOS_DEPLOYMENT_TARGET = 15.5;
				MARKETING_VERSION = 1.0;
				PRODUCT_BUNDLE_IDENTIFIER = cl.rober.MovieAppTests;
				PRODUCT_NAME = "$(TARGET_NAME)";
				SWIFT_EMIT_LOC_STRINGS = NO;
				SWIFT_VERSION = 5.0;
				TARGETED_DEVICE_FAMILY = "1,2";
				TEST_HOST = "$(BUILT_PRODUCTS_DIR)/MovieApp.app/MovieApp";
			};
			name = Release;
		};
		C771026328BD029700533A89 /* Debug */ = {
			isa = XCBuildConfiguration;
			buildSettings = {
				ALWAYS_EMBED_SWIFT_STANDARD_LIBRARIES = YES;
				CODE_SIGN_STYLE = Automatic;
				CURRENT_PROJECT_VERSION = 1;
				DEVELOPMENT_TEAM = TTZ6QG7TT2;
				GENERATE_INFOPLIST_FILE = YES;
				MARKETING_VERSION = 1.0;
				PRODUCT_BUNDLE_IDENTIFIER = cl.rober.MovieAppUITests;
				PRODUCT_NAME = "$(TARGET_NAME)";
				SWIFT_EMIT_LOC_STRINGS = NO;
				SWIFT_VERSION = 5.0;
				TARGETED_DEVICE_FAMILY = "1,2";
				TEST_TARGET_NAME = MovieApp;
			};
			name = Debug;
		};
		C771026428BD029700533A89 /* Release */ = {
			isa = XCBuildConfiguration;
			buildSettings = {
				ALWAYS_EMBED_SWIFT_STANDARD_LIBRARIES = YES;
				CODE_SIGN_STYLE = Automatic;
				CURRENT_PROJECT_VERSION = 1;
				DEVELOPMENT_TEAM = TTZ6QG7TT2;
				GENERATE_INFOPLIST_FILE = YES;
				MARKETING_VERSION = 1.0;
				PRODUCT_BUNDLE_IDENTIFIER = cl.rober.MovieAppUITests;
				PRODUCT_NAME = "$(TARGET_NAME)";
				SWIFT_EMIT_LOC_STRINGS = NO;
				SWIFT_VERSION = 5.0;
				TARGETED_DEVICE_FAMILY = "1,2";
				TEST_TARGET_NAME = MovieApp;
			};
			name = Release;
		};
/* End XCBuildConfiguration section */

/* Begin XCConfigurationList section */
		C771022D28BD029400533A89 /* Build configuration list for PBXProject "MovieApp" */ = {
			isa = XCConfigurationList;
			buildConfigurations = (
				C771025A28BD029700533A89 /* Debug */,
				C771025B28BD029700533A89 /* Release */,
			);
			defaultConfigurationIsVisible = 0;
			defaultConfigurationName = Release;
		};
		C771025C28BD029700533A89 /* Build configuration list for PBXNativeTarget "MovieApp" */ = {
			isa = XCConfigurationList;
			buildConfigurations = (
				C771025D28BD029700533A89 /* Debug */,
				C771025E28BD029700533A89 /* Release */,
			);
			defaultConfigurationIsVisible = 0;
			defaultConfigurationName = Release;
		};
		C771025F28BD029700533A89 /* Build configuration list for PBXNativeTarget "MovieAppTests" */ = {
			isa = XCConfigurationList;
			buildConfigurations = (
				C771026028BD029700533A89 /* Debug */,
				C771026128BD029700533A89 /* Release */,
			);
			defaultConfigurationIsVisible = 0;
			defaultConfigurationName = Release;
		};
		C771026228BD029700533A89 /* Build configuration list for PBXNativeTarget "MovieAppUITests" */ = {
			isa = XCConfigurationList;
			buildConfigurations = (
				C771026328BD029700533A89 /* Debug */,
				C771026428BD029700533A89 /* Release */,
			);
			defaultConfigurationIsVisible = 0;
			defaultConfigurationName = Release;
		};
/* End XCConfigurationList section */
	};
	rootObject = C771022A28BD029400533A89 /* Project object */;
}
